
Microsoft Visual Studio Solution File, Format Version 12.00
# Visual Studio 15
VisualStudioVersion = 15.0.26228.4
MinimumVisualStudioVersion = 10.0.40219.1
Project("{2150E333-8FDC-42A3-9474-1A3956D46DE8}") = "android", "android", "{0B148240-14F0-4FA7-BACE-B0C35477DA75}"
EndProject
Project("{8BC9CEB8-8B4A-11D0-8D11-00A0C91BC942}") = "sdl2app-android.NativeActivity", "src\sdl2app-android\sdl2app-android.NativeActivity\sdl2app-android.NativeActivity.vcxproj", "{46270E4B-0949-4C03-84D6-34E57158013F}"
EndProject
Project("{39E2626F-3545-4960-A6E8-258AD8476CE5}") = "sdl2app-android.Packaging", "src\sdl2app-android\sdl2app-android.Packaging\sdl2app-android.Packaging.androidproj", "{1E688C8B-F9DF-4B77-A1A8-F846A526D8CE}"
EndProject
Project("{2150E333-8FDC-42A3-9474-1A3956D46DE8}") = "uwp", "uwp", "{E5E99CF7-2011-4031-8604-E0C5D444100A}"
EndProject
Project("{8BC9CEB8-8B4A-11D0-8D11-00A0C91BC942}") = "sdl2app-uwp", "src\sdl2app-uwp\sdl2app-uwp.vcxproj", "{C8DE0F6F-8D32-4457-95E9-D288216E5054}"
EndProject
Project("{8BC9CEB8-8B4A-11D0-8D11-00A0C91BC942}") = "sdl2app", "src\sdl2app\sdl2app.vcxitems", "{17A59E56-6948-4581-AC6A-797BD0A88A37}"
EndProject
Project("{2150E333-8FDC-42A3-9474-1A3956D46DE8}") = "win32", "win32", "{0858C773-EF17-4F7B-AFFC-8ED98071546D}"
EndProject
Project("{2150E333-8FDC-42A3-9474-1A3956D46DE8}") = "linux", "linux", "{46B86B9D-61A7-4A8A-86AE-334FD933F27A}"
EndProject
Project("{8BC9CEB8-8B4A-11D0-8D11-00A0C91BC942}") = "sdl2app-linux", "src\sdl2app-linux\sdl2app-linux.vcxproj", "{04192E22-DF25-4CAF-A823-2C0C2835AF8F}"
EndProject
Project("{8BC9CEB8-8B4A-11D0-8D11-00A0C91BC942}") = "sdl2app-win32", "src\sdl2app-win32\sdl2app-win32.vcxproj", "{5273F53E-1DC5-42B4-887D-3BEC638564FD}"
EndProject
Project("{2150E333-8FDC-42A3-9474-1A3956D46DE8}") = "libs", "libs", "{4C304F15-F583-455C-9772-2EFE90FD8834}"
EndProject
Project("{8BC9CEB8-8B4A-11D0-8D11-00A0C91BC942}") = "SDL2-UWP", "sdl2\VisualC-WinRT\UWP_VS2015\SDL-UWP.vcxproj", "{89E9B32E-A86A-47C3-A948-D2B1622925CE}"
EndProject
Project("{2150E333-8FDC-42A3-9474-1A3956D46DE8}") = "libs", "libs", "{20734659-7547-4897-BE42-1D203CD9F892}"
EndProject
Project("{8BC9CEB8-8B4A-11D0-8D11-00A0C91BC942}") = "SDL2", "sdl2\VisualC\SDL\SDL.vcxproj", "{81CE8DAF-EBB2-4761-8E45-B71ABCCA8C68}"
EndProject
Project("{8BC9CEB8-8B4A-11D0-8D11-00A0C91BC942}") = "SDL2main", "sdl2\VisualC\SDLmain\SDLmain.vcxproj", "{DA956FD3-E142-46F2-9DD5-C78BEBB56B7A}"
EndProject
Global
	GlobalSection(SharedMSBuildProjectFiles) = preSolution
		src\sdl2app\sdl2app.vcxitems*{17a59e56-6948-4581-ac6a-797bd0a88a37}*SharedItemsImports = 9
		src\sdl2app\sdl2app.vcxitems*{5273f53e-1dc5-42b4-887d-3bec638564fd}*SharedItemsImports = 4
		src\sdl2app\sdl2app.vcxitems*{c8de0f6f-8d32-4457-95e9-d288216e5054}*SharedItemsImports = 4
	EndGlobalSection
	GlobalSection(SolutionConfigurationPlatforms) = preSolution
		Debug|ARM = Debug|ARM
		Debug|ARM64 = Debug|ARM64
		Debug|x64 = Debug|x64
		Debug|x86 = Debug|x86
		Release|ARM = Release|ARM
		Release|ARM64 = Release|ARM64
		Release|x64 = Release|x64
		Release|x86 = Release|x86
	EndGlobalSection
	GlobalSection(ProjectConfigurationPlatforms) = postSolution
		{46270E4B-0949-4C03-84D6-34E57158013F}.Debug|ARM.ActiveCfg = Debug|ARM
		{46270E4B-0949-4C03-84D6-34E57158013F}.Debug|ARM.Build.0 = Debug|ARM
		{46270E4B-0949-4C03-84D6-34E57158013F}.Debug|ARM64.ActiveCfg = Debug|ARM64
		{46270E4B-0949-4C03-84D6-34E57158013F}.Debug|ARM64.Build.0 = Debug|ARM64
		{46270E4B-0949-4C03-84D6-34E57158013F}.Debug|x64.ActiveCfg = Debug|x64
		{46270E4B-0949-4C03-84D6-34E57158013F}.Debug|x64.Build.0 = Debug|x64
		{46270E4B-0949-4C03-84D6-34E57158013F}.Debug|x86.ActiveCfg = Debug|x86
		{46270E4B-0949-4C03-84D6-34E57158013F}.Debug|x86.Build.0 = Debug|x86
		{46270E4B-0949-4C03-84D6-34E57158013F}.Release|ARM.ActiveCfg = Release|ARM
		{46270E4B-0949-4C03-84D6-34E57158013F}.Release|ARM.Build.0 = Release|ARM
		{46270E4B-0949-4C03-84D6-34E57158013F}.Release|ARM64.ActiveCfg = Release|ARM64
		{46270E4B-0949-4C03-84D6-34E57158013F}.Release|ARM64.Build.0 = Release|ARM64
		{46270E4B-0949-4C03-84D6-34E57158013F}.Release|x64.ActiveCfg = Release|x64
		{46270E4B-0949-4C03-84D6-34E57158013F}.Release|x64.Build.0 = Release|x64
		{46270E4B-0949-4C03-84D6-34E57158013F}.Release|x86.ActiveCfg = Release|x86
		{46270E4B-0949-4C03-84D6-34E57158013F}.Release|x86.Build.0 = Release|x86
		{1E688C8B-F9DF-4B77-A1A8-F846A526D8CE}.Debug|ARM.ActiveCfg = Debug|ARM
		{1E688C8B-F9DF-4B77-A1A8-F846A526D8CE}.Debug|ARM.Build.0 = Debug|ARM
		{1E688C8B-F9DF-4B77-A1A8-F846A526D8CE}.Debug|ARM.Deploy.0 = Debug|ARM
		{1E688C8B-F9DF-4B77-A1A8-F846A526D8CE}.Debug|ARM64.ActiveCfg = Debug|ARM64
		{1E688C8B-F9DF-4B77-A1A8-F846A526D8CE}.Debug|ARM64.Build.0 = Debug|ARM64
		{1E688C8B-F9DF-4B77-A1A8-F846A526D8CE}.Debug|ARM64.Deploy.0 = Debug|ARM64
		{1E688C8B-F9DF-4B77-A1A8-F846A526D8CE}.Debug|x64.ActiveCfg = Debug|x64
		{1E688C8B-F9DF-4B77-A1A8-F846A526D8CE}.Debug|x64.Build.0 = Debug|x64
		{1E688C8B-F9DF-4B77-A1A8-F846A526D8CE}.Debug|x64.Deploy.0 = Debug|x64
		{1E688C8B-F9DF-4B77-A1A8-F846A526D8CE}.Debug|x86.ActiveCfg = Debug|x86
		{1E688C8B-F9DF-4B77-A1A8-F846A526D8CE}.Debug|x86.Build.0 = Debug|x86
		{1E688C8B-F9DF-4B77-A1A8-F846A526D8CE}.Debug|x86.Deploy.0 = Debug|x86
		{1E688C8B-F9DF-4B77-A1A8-F846A526D8CE}.Release|ARM.ActiveCfg = Release|ARM
		{1E688C8B-F9DF-4B77-A1A8-F846A526D8CE}.Release|ARM.Build.0 = Release|ARM
		{1E688C8B-F9DF-4B77-A1A8-F846A526D8CE}.Release|ARM.Deploy.0 = Release|ARM
		{1E688C8B-F9DF-4B77-A1A8-F846A526D8CE}.Release|ARM64.ActiveCfg = Release|ARM64
		{1E688C8B-F9DF-4B77-A1A8-F846A526D8CE}.Release|ARM64.Build.0 = Release|ARM64
		{1E688C8B-F9DF-4B77-A1A8-F846A526D8CE}.Release|ARM64.Deploy.0 = Release|ARM64
		{1E688C8B-F9DF-4B77-A1A8-F846A526D8CE}.Release|x64.ActiveCfg = Release|x64
		{1E688C8B-F9DF-4B77-A1A8-F846A526D8CE}.Release|x64.Build.0 = Release|x64
		{1E688C8B-F9DF-4B77-A1A8-F846A526D8CE}.Release|x64.Deploy.0 = Release|x64
		{1E688C8B-F9DF-4B77-A1A8-F846A526D8CE}.Release|x86.ActiveCfg = Release|x86
		{1E688C8B-F9DF-4B77-A1A8-F846A526D8CE}.Release|x86.Build.0 = Release|x86
		{1E688C8B-F9DF-4B77-A1A8-F846A526D8CE}.Release|x86.Deploy.0 = Release|x86
		{C8DE0F6F-8D32-4457-95E9-D288216E5054}.Debug|ARM.ActiveCfg = Debug|ARM
		{C8DE0F6F-8D32-4457-95E9-D288216E5054}.Debug|ARM.Build.0 = Debug|ARM
		{C8DE0F6F-8D32-4457-95E9-D288216E5054}.Debug|ARM.Deploy.0 = Debug|ARM
		{C8DE0F6F-8D32-4457-95E9-D288216E5054}.Debug|ARM64.ActiveCfg = Debug|Win32
		{C8DE0F6F-8D32-4457-95E9-D288216E5054}.Debug|x64.ActiveCfg = Debug|x64
		{C8DE0F6F-8D32-4457-95E9-D288216E5054}.Debug|x64.Build.0 = Debug|x64
		{C8DE0F6F-8D32-4457-95E9-D288216E5054}.Debug|x64.Deploy.0 = Debug|x64
		{C8DE0F6F-8D32-4457-95E9-D288216E5054}.Debug|x86.ActiveCfg = Debug|Win32
		{C8DE0F6F-8D32-4457-95E9-D288216E5054}.Debug|x86.Build.0 = Debug|Win32
		{C8DE0F6F-8D32-4457-95E9-D288216E5054}.Debug|x86.Deploy.0 = Debug|Win32
		{C8DE0F6F-8D32-4457-95E9-D288216E5054}.Release|ARM.ActiveCfg = Release|ARM
		{C8DE0F6F-8D32-4457-95E9-D288216E5054}.Release|ARM.Build.0 = Release|ARM
		{C8DE0F6F-8D32-4457-95E9-D288216E5054}.Release|ARM.Deploy.0 = Release|ARM
		{C8DE0F6F-8D32-4457-95E9-D288216E5054}.Release|ARM64.ActiveCfg = Release|Win32
		{C8DE0F6F-8D32-4457-95E9-D288216E5054}.Release|x64.ActiveCfg = Release|x64
		{C8DE0F6F-8D32-4457-95E9-D288216E5054}.Release|x64.Build.0 = Release|x64
		{C8DE0F6F-8D32-4457-95E9-D288216E5054}.Release|x64.Deploy.0 = Release|x64
		{C8DE0F6F-8D32-4457-95E9-D288216E5054}.Release|x86.ActiveCfg = Release|Win32
		{C8DE0F6F-8D32-4457-95E9-D288216E5054}.Release|x86.Build.0 = Release|Win32
		{C8DE0F6F-8D32-4457-95E9-D288216E5054}.Release|x86.Deploy.0 = Release|Win32
		{04192E22-DF25-4CAF-A823-2C0C2835AF8F}.Debug|ARM.ActiveCfg = Debug|ARM
		{04192E22-DF25-4CAF-A823-2C0C2835AF8F}.Debug|ARM.Build.0 = Debug|ARM
		{04192E22-DF25-4CAF-A823-2C0C2835AF8F}.Debug|ARM64.ActiveCfg = Debug|x86
		{04192E22-DF25-4CAF-A823-2C0C2835AF8F}.Debug|x64.ActiveCfg = Debug|x64
		{04192E22-DF25-4CAF-A823-2C0C2835AF8F}.Debug|x64.Build.0 = Debug|x64
		{04192E22-DF25-4CAF-A823-2C0C2835AF8F}.Debug|x86.ActiveCfg = Debug|x86
		{04192E22-DF25-4CAF-A823-2C0C2835AF8F}.Debug|x86.Build.0 = Debug|x86
		{04192E22-DF25-4CAF-A823-2C0C2835AF8F}.Release|ARM.ActiveCfg = Release|ARM
		{04192E22-DF25-4CAF-A823-2C0C2835AF8F}.Release|ARM.Build.0 = Release|ARM
		{04192E22-DF25-4CAF-A823-2C0C2835AF8F}.Release|ARM64.ActiveCfg = Release|x86
		{04192E22-DF25-4CAF-A823-2C0C2835AF8F}.Release|x64.ActiveCfg = Release|x64
		{04192E22-DF25-4CAF-A823-2C0C2835AF8F}.Release|x64.Build.0 = Release|x64
		{04192E22-DF25-4CAF-A823-2C0C2835AF8F}.Release|x86.ActiveCfg = Release|x86
		{04192E22-DF25-4CAF-A823-2C0C2835AF8F}.Release|x86.Build.0 = Release|x86
		{5273F53E-1DC5-42B4-887D-3BEC638564FD}.Debug|ARM.ActiveCfg = Debug|Win32
		{5273F53E-1DC5-42B4-887D-3BEC638564FD}.Debug|ARM64.ActiveCfg = Debug|Win32
		{5273F53E-1DC5-42B4-887D-3BEC638564FD}.Debug|x64.ActiveCfg = Debug|x64
		{5273F53E-1DC5-42B4-887D-3BEC638564FD}.Debug|x64.Build.0 = Debug|x64
		{5273F53E-1DC5-42B4-887D-3BEC638564FD}.Debug|x86.ActiveCfg = Debug|Win32
		{5273F53E-1DC5-42B4-887D-3BEC638564FD}.Debug|x86.Build.0 = Debug|Win32
		{5273F53E-1DC5-42B4-887D-3BEC638564FD}.Release|ARM.ActiveCfg = Release|Win32
		{5273F53E-1DC5-42B4-887D-3BEC638564FD}.Release|ARM64.ActiveCfg = Release|Win32
		{5273F53E-1DC5-42B4-887D-3BEC638564FD}.Release|x64.ActiveCfg = Release|x64
		{5273F53E-1DC5-42B4-887D-3BEC638564FD}.Release|x64.Build.0 = Release|x64
		{5273F53E-1DC5-42B4-887D-3BEC638564FD}.Release|x86.ActiveCfg = Release|Win32
		{5273F53E-1DC5-42B4-887D-3BEC638564FD}.Release|x86.Build.0 = Release|Win32
		{89E9B32E-A86A-47C3-A948-D2B1622925CE}.Debug|ARM.ActiveCfg = Debug|ARM
		{89E9B32E-A86A-47C3-A948-D2B1622925CE}.Debug|ARM.Build.0 = Debug|ARM
		{89E9B32E-A86A-47C3-A948-D2B1622925CE}.Debug|ARM64.ActiveCfg = Debug|Win32
		{89E9B32E-A86A-47C3-A948-D2B1622925CE}.Debug|x64.ActiveCfg = Debug|x64
		{89E9B32E-A86A-47C3-A948-D2B1622925CE}.Debug|x64.Build.0 = Debug|x64
		{89E9B32E-A86A-47C3-A948-D2B1622925CE}.Debug|x86.ActiveCfg = Debug|Win32
		{89E9B32E-A86A-47C3-A948-D2B1622925CE}.Debug|x86.Build.0 = Debug|Win32
		{89E9B32E-A86A-47C3-A948-D2B1622925CE}.Release|ARM.ActiveCfg = Release|ARM
		{89E9B32E-A86A-47C3-A948-D2B1622925CE}.Release|ARM.Build.0 = Release|ARM
		{89E9B32E-A86A-47C3-A948-D2B1622925CE}.Release|ARM64.ActiveCfg = Release|Win32
		{89E9B32E-A86A-47C3-A948-D2B1622925CE}.Release|x64.ActiveCfg = Release|x64
		{89E9B32E-A86A-47C3-A948-D2B1622925CE}.Release|x64.Build.0 = Release|x64
		{89E9B32E-A86A-47C3-A948-D2B1622925CE}.Release|x86.ActiveCfg = Release|Win32
		{89E9B32E-A86A-47C3-A948-D2B1622925CE}.Release|x86.Build.0 = Release|Win32
		{81CE8DAF-EBB2-4761-8E45-B71ABCCA8C68}.Debug|ARM.ActiveCfg = Debug|Win32
		{81CE8DAF-EBB2-4761-8E45-B71ABCCA8C68}.Debug|ARM64.ActiveCfg = Debug|Win32
		{81CE8DAF-EBB2-4761-8E45-B71ABCCA8C68}.Debug|x64.ActiveCfg = Debug|x64
		{81CE8DAF-EBB2-4761-8E45-B71ABCCA8C68}.Debug|x64.Build.0 = Debug|x64
		{81CE8DAF-EBB2-4761-8E45-B71ABCCA8C68}.Debug|x86.ActiveCfg = Debug|Win32
		{81CE8DAF-EBB2-4761-8E45-B71ABCCA8C68}.Debug|x86.Build.0 = Debug|Win32
		{81CE8DAF-EBB2-4761-8E45-B71ABCCA8C68}.Release|ARM.ActiveCfg = Release|Win32
		{81CE8DAF-EBB2-4761-8E45-B71ABCCA8C68}.Release|ARM64.ActiveCfg = Release|Win32
		{81CE8DAF-EBB2-4761-8E45-B71ABCCA8C68}.Release|x64.ActiveCfg = Release|x64
		{81CE8DAF-EBB2-4761-8E45-B71ABCCA8C68}.Release|x64.Build.0 = Release|x64
		{81CE8DAF-EBB2-4761-8E45-B71ABCCA8C68}.Release|x86.ActiveCfg = Release|Win32
		{81CE8DAF-EBB2-4761-8E45-B71ABCCA8C68}.Release|x86.Build.0 = Release|Win32
		{DA956FD3-E142-46F2-9DD5-C78BEBB56B7A}.Debug|ARM.ActiveCfg = Debug|Win32
		{DA956FD3-E142-46F2-9DD5-C78BEBB56B7A}.Debug|ARM64.ActiveCfg = Debug|Win32
		{DA956FD3-E142-46F2-9DD5-C78BEBB56B7A}.Debug|x64.ActiveCfg = Debug|x64
		{DA956FD3-E142-46F2-9DD5-C78BEBB56B7A}.Debug|x64.Build.0 = Debug|x64
		{DA956FD3-E142-46F2-9DD5-C78BEBB56B7A}.Debug|x86.ActiveCfg = Debug|Win32
		{DA956FD3-E142-46F2-9DD5-C78BEBB56B7A}.Debug|x86.Build.0 = Debug|Win32
		{DA956FD3-E142-46F2-9DD5-C78BEBB56B7A}.Release|ARM.ActiveCfg = Release|Win32
		{DA956FD3-E142-46F2-9DD5-C78BEBB56B7A}.Release|ARM64.ActiveCfg = Release|Win32
		{DA956FD3-E142-46F2-9DD5-C78BEBB56B7A}.Release|x64.ActiveCfg = Release|x64
		{DA956FD3-E142-46F2-9DD5-C78BEBB56B7A}.Release|x64.Build.0 = Release|x64
		{DA956FD3-E142-46F2-9DD5-C78BEBB56B7A}.Release|x86.ActiveCfg = Release|Win32
		{DA956FD3-E142-46F2-9DD5-C78BEBB56B7A}.Release|x86.Build.0 = Release|Win32
	EndGlobalSection
	GlobalSection(SolutionProperties) = preSolution
		HideSolutionNode = FALSE
	EndGlobalSection
	GlobalSection(NestedProjects) = preSolution
		{46270E4B-0949-4C03-84D6-34E57158013F} = {0B148240-14F0-4FA7-BACE-B0C35477DA75}
		{1E688C8B-F9DF-4B77-A1A8-F846A526D8CE} = {0B148240-14F0-4FA7-BACE-B0C35477DA75}
		{C8DE0F6F-8D32-4457-95E9-D288216E5054} = {E5E99CF7-2011-4031-8604-E0C5D444100A}
		{04192E22-DF25-4CAF-A823-2C0C2835AF8F} = {46B86B9D-61A7-4A8A-86AE-334FD933F27A}
		{5273F53E-1DC5-42B4-887D-3BEC638564FD} = {0858C773-EF17-4F7B-AFFC-8ED98071546D}
		{4C304F15-F583-455C-9772-2EFE90FD8834} = {E5E99CF7-2011-4031-8604-E0C5D444100A}
		{89E9B32E-A86A-47C3-A948-D2B1622925CE} = {4C304F15-F583-455C-9772-2EFE90FD8834}
		{20734659-7547-4897-BE42-1D203CD9F892} = {0858C773-EF17-4F7B-AFFC-8ED98071546D}
		{81CE8DAF-EBB2-4761-8E45-B71ABCCA8C68} = {20734659-7547-4897-BE42-1D203CD9F892}
		{DA956FD3-E142-46F2-9DD5-C78BEBB56B7A} = {20734659-7547-4897-BE42-1D203CD9F892}
	EndGlobalSection
EndGlobal
